
Microsoft Visual Studio Solution File, Format Version 12.00
# Visual Studio Version 17
VisualStudioVersion = 17.2.32630.192
MinimumVisualStudioVersion = 10.0.40219.1
Project("{FAE04EC0-301F-11D3-BF4B-00C04F79EFBC}") = "GuestBook.WebAPI", "GuestBook.WebAPI\GuestBook.WebAPI.csproj", "{FB81F18A-ABBC-42C4-A94E-B1ED4645EB13}"
EndProject
Project("{FAE04EC0-301F-11D3-BF4B-00C04F79EFBC}") = "GuestBook.BAL", "GuestBook.BAL\GuestBook.BAL.csproj", "{4062AAF9-4B58-47D4-A05D-4375AAE4D88E}"
EndProject
Project("{FAE04EC0-301F-11D3-BF4B-00C04F79EFBC}") = "GuestBook.DAL", "GuestBook.DAL\GuestBook.DAL.csproj", "{BF08EF01-6351-445B-85E2-0277816A6417}"
EndProject
Global
	GlobalSection(SolutionConfigurationPlatforms) = preSolution
		Debug|Any CPU = Debug|Any CPU
		Release|Any CPU = Release|Any CPU
	EndGlobalSection
	GlobalSection(ProjectConfigurationPlatforms) = postSolution
		{FB81F18A-ABBC-42C4-A94E-B1ED4645EB13}.Debug|Any CPU.ActiveCfg = Debug|Any CPU
		{FB81F18A-ABBC-42C4-A94E-B1ED4645EB13}.Debug|Any CPU.Build.0 = Debug|Any CPU
		{FB81F18A-ABBC-42C4-A94E-B1ED4645EB13}.Release|Any CPU.ActiveCfg = Release|Any CPU
		{FB81F18A-ABBC-42C4-A94E-B1ED4645EB13}.Release|Any CPU.Build.0 = Release|Any CPU
		{4062AAF9-4B58-47D4-A05D-4375AAE4D88E}.Debug|Any CPU.ActiveCfg = Debug|Any CPU
		{4062AAF9-4B58-47D4-A05D-4375AAE4D88E}.Debug|Any CPU.Build.0 = Debug|Any CPU
		{4062AAF9-4B58-47D4-A05D-4375AAE4D88E}.Release|Any CPU.ActiveCfg = Release|Any CPU
		{4062AAF9-4B58-47D4-A05D-4375AAE4D88E}.Release|Any CPU.Build.0 = Release|Any CPU
		{BF08EF01-6351-445B-85E2-0277816A6417}.Debug|Any CPU.ActiveCfg = Debug|Any CPU
		{BF08EF01-6351-445B-85E2-0277816A6417}.Debug|Any CPU.Build.0 = Debug|Any CPU
		{BF08EF01-6351-445B-85E2-0277816A6417}.Release|Any CPU.ActiveCfg = Release|Any CPU
		{BF08EF01-6351-445B-85E2-0277816A6417}.Release|Any CPU.Build.0 = Release|Any CPU
	EndGlobalSection
	GlobalSection(SolutionProperties) = preSolution
		HideSolutionNode = FALSE
	EndGlobalSection
	GlobalSection(ExtensibilityGlobals) = postSolution
		SolutionGuid = {B561372E-9359-49C7-B9F6-A4AB199D00FC}
	EndGlobalSection
EndGlobal
